// !$*UTF8*$!
{
	archiveVersion = 1;
	classes = {
	};
	objectVersion = 56;
	objects = {

/* Begin PBXBuildFile section */
		2D0903432C0B425400ADCF4D /* JustANoteApp.swift in Sources */ = {isa = PBXBuildFile; fileRef = 2D0903422C0B425400ADCF4D /* JustANoteApp.swift */; };
		2D0903452C0B425400ADCF4D /* ContentView.swift in Sources */ = {isa = PBXBuildFile; fileRef = 2D0903442C0B425400ADCF4D /* ContentView.swift */; };
		2D0903492C0B425700ADCF4D /* Assets.xcassets in Resources */ = {isa = PBXBuildFile; fileRef = 2D0903482C0B425700ADCF4D /* Assets.xcassets */; };
		2D09034C2C0B425700ADCF4D /* Preview Assets.xcassets in Resources */ = {isa = PBXBuildFile; fileRef = 2D09034B2C0B425700ADCF4D /* Preview Assets.xcassets */; };
		2D0903532C0B42B100ADCF4D /* Note.swift in Sources */ = {isa = PBXBuildFile; fileRef = 2D0903522C0B42B100ADCF4D /* Note.swift */; };
		2D0903552C0B436D00ADCF4D /* NotePreview.swift in Sources */ = {isa = PBXBuildFile; fileRef = 2D0903542C0B436D00ADCF4D /* NotePreview.swift */; };
		2D1FCF022C0B7CBE00D7430E /* DetailedNoteView.swift in Sources */ = {isa = PBXBuildFile; fileRef = 2D1FCF012C0B7CBE00D7430E /* DetailedNoteView.swift */; };
		2D1FCF042C0B7CED00D7430E /* TrashView.swift in Sources */ = {isa = PBXBuildFile; fileRef = 2D1FCF032C0B7CED00D7430E /* TrashView.swift */; };
		2D1FCF0D2C0BF50D00D7430E /* NewNoteView.swift in Sources */ = {isa = PBXBuildFile; fileRef = 2D1FCF0C2C0BF50D00D7430E /* NewNoteView.swift */; };
		2D1FCF112C0C0F7A00D7430E /* ToDo.rtf in Resources */ = {isa = PBXBuildFile; fileRef = 2D1FCF102C0C0F7A00D7430E /* ToDo.rtf */; };
/* End PBXBuildFile section */

/* Begin PBXFileReference section */
		2D09033F2C0B425400ADCF4D /* JustANote.app */ = {isa = PBXFileReference; explicitFileType = wrapper.application; includeInIndex = 0; path = JustANote.app; sourceTree = BUILT_PRODUCTS_DIR; };
		2D0903422C0B425400ADCF4D /* JustANoteApp.swift */ = {isa = PBXFileReference; lastKnownFileType = sourcecode.swift; path = JustANoteApp.swift; sourceTree = "<group>"; };
		2D0903442C0B425400ADCF4D /* ContentView.swift */ = {isa = PBXFileReference; lastKnownFileType = sourcecode.swift; path = ContentView.swift; sourceTree = "<group>"; };
		2D0903482C0B425700ADCF4D /* Assets.xcassets */ = {isa = PBXFileReference; lastKnownFileType = folder.assetcatalog; path = Assets.xcassets; sourceTree = "<group>"; };
		2D09034B2C0B425700ADCF4D /* Preview Assets.xcassets */ = {isa = PBXFileReference; lastKnownFileType = folder.assetcatalog; path = "Preview Assets.xcassets"; sourceTree = "<group>"; };
		2D0903522C0B42B100ADCF4D /* Note.swift */ = {isa = PBXFileReference; lastKnownFileType = sourcecode.swift; path = Note.swift; sourceTree = "<group>"; };
		2D0903542C0B436D00ADCF4D /* NotePreview.swift */ = {isa = PBXFileReference; lastKnownFileType = sourcecode.swift; path = NotePreview.swift; sourceTree = "<group>"; };
		2D1FCF012C0B7CBE00D7430E /* DetailedNoteView.swift */ = {isa = PBXFileReference; lastKnownFileType = sourcecode.swift; path = DetailedNoteView.swift; sourceTree = "<group>"; };
		2D1FCF032C0B7CED00D7430E /* TrashView.swift */ = {isa = PBXFileReference; lastKnownFileType = sourcecode.swift; path = TrashView.swift; sourceTree = "<group>"; };
		2D1FCF0C2C0BF50D00D7430E /* NewNoteView.swift */ = {isa = PBXFileReference; lastKnownFileType = sourcecode.swift; path = NewNoteView.swift; sourceTree = "<group>"; };
		2D1FCF102C0C0F7A00D7430E /* ToDo.rtf */ = {isa = PBXFileReference; lastKnownFileType = text.rtf; path = ToDo.rtf; sourceTree = "<group>"; };
/* End PBXFileReference section */

/* Begin PBXFrameworksBuildPhase section */
		2D09033C2C0B425400ADCF4D /* Frameworks */ = {
			isa = PBXFrameworksBuildPhase;
			buildActionMask = 2147483647;
			files = (
			);
			runOnlyForDeploymentPostprocessing = 0;
		};
/* End PBXFrameworksBuildPhase section */

/* Begin PBXGroup section */
		2D0903362C0B425400ADCF4D = {
			isa = PBXGroup;
			children = (
				2D0903412C0B425400ADCF4D /* JustANote */,
				2D0903402C0B425400ADCF4D /* Products */,
			);
			sourceTree = "<group>";
		};
		2D0903402C0B425400ADCF4D /* Products */ = {
			isa = PBXGroup;
			children = (
				2D09033F2C0B425400ADCF4D /* JustANote.app */,
			);
			name = Products;
			sourceTree = "<group>";
		};
		2D0903412C0B425400ADCF4D /* JustANote */ = {
			isa = PBXGroup;
			children = (
				2D0903422C0B425400ADCF4D /* JustANoteApp.swift */,
				2D0903442C0B425400ADCF4D /* ContentView.swift */,
				2D1FCF0E2C0C0B6F00D7430E /* Done */,
				2D1FCEFE2C0B7BB100D7430E /* Data */,
				2D1FCF002C0B7BE300D7430E /* Pieces */,
				2D0903482C0B425700ADCF4D /* Assets.xcassets */,
				2D09034A2C0B425700ADCF4D /* Preview Content */,
			);
			path = JustANote;
			sourceTree = "<group>";
		};
		2D09034A2C0B425700ADCF4D /* Preview Content */ = {
			isa = PBXGroup;
			children = (
				2D09034B2C0B425700ADCF4D /* Preview Assets.xcassets */,
			);
			path = "Preview Content";
			sourceTree = "<group>";
		};
		2D1FCEFE2C0B7BB100D7430E /* Data */ = {
			isa = PBXGroup;
			children = (
				2D0903522C0B42B100ADCF4D /* Note.swift */,
			);
			path = Data;
			sourceTree = "<group>";
		};
		2D1FCF002C0B7BE300D7430E /* Pieces */ = {
			isa = PBXGroup;
			children = (
				2D1FCF102C0C0F7A00D7430E /* ToDo.rtf */,
				2D1FCF012C0B7CBE00D7430E /* DetailedNoteView.swift */,
				2D1FCF0C2C0BF50D00D7430E /* NewNoteView.swift */,
				2D0903542C0B436D00ADCF4D /* NotePreview.swift */,
			);
			path = Pieces;
			sourceTree = "<group>";
		};
		2D1FCF0E2C0C0B6F00D7430E /* Done */ = {
			isa = PBXGroup;
			children = (
				2D1FCF032C0B7CED00D7430E /* TrashView.swift */,
			);
			path = Done;
			sourceTree = "<group>";
		};
/* End PBXGroup section */

/* Begin PBXNativeTarget section */
		2D09033E2C0B425400ADCF4D /* JustANote */ = {
			isa = PBXNativeTarget;
			buildConfigurationList = 2D09034F2C0B425700ADCF4D /* Build configuration list for PBXNativeTarget "JustANote" */;
			buildPhases = (
				2D09033B2C0B425400ADCF4D /* Sources */,
				2D09033C2C0B425400ADCF4D /* Frameworks */,
				2D09033D2C0B425400ADCF4D /* Resources */,
			);
			buildRules = (
			);
			dependencies = (
			);
			name = JustANote;
			productName = JustANote;
			productReference = 2D09033F2C0B425400ADCF4D /* JustANote.app */;
			productType = "com.apple.product-type.application";
		};
/* End PBXNativeTarget section */

/* Begin PBXProject section */
		2D0903372C0B425400ADCF4D /* Project object */ = {
			isa = PBXProject;
			attributes = {
				BuildIndependentTargetsInParallel = 1;
				LastSwiftUpdateCheck = 1530;
				LastUpgradeCheck = 1530;
				TargetAttributes = {
					2D09033E2C0B425400ADCF4D = {
						CreatedOnToolsVersion = 15.3;
					};
				};
			};
			buildConfigurationList = 2D09033A2C0B425400ADCF4D /* Build configuration list for PBXProject "JustANote" */;
			compatibilityVersion = "Xcode 14.0";
			developmentRegion = en;
			hasScannedForEncodings = 0;
			knownRegions = (
				en,
				Base,
			);
			mainGroup = 2D0903362C0B425400ADCF4D;
			productRefGroup = 2D0903402C0B425400ADCF4D /* Products */;
			projectDirPath = "";
			projectRoot = "";
			targets = (
				2D09033E2C0B425400ADCF4D /* JustANote */,
			);
		};
/* End PBXProject section */

/* Begin PBXResourcesBuildPhase section */
		2D09033D2C0B425400ADCF4D /* Resources */ = {
			isa = PBXResourcesBuildPhase;
			buildActionMask = 2147483647;
			files = (
				2D09034C2C0B425700ADCF4D /* Preview Assets.xcassets in Resources */,
				2D0903492C0B425700ADCF4D /* Assets.xcassets in Resources */,
				2D1FCF112C0C0F7A00D7430E /* ToDo.rtf in Resources */,
			);
			runOnlyForDeploymentPostprocessing = 0;
		};
/* End PBXResourcesBuildPhase section */

/* Begin PBXSourcesBuildPhase section */
		2D09033B2C0B425400ADCF4D /* Sources */ = {
			isa = PBXSourcesBuildPhase;
			buildActionMask = 2147483647;
			files = (
				2D0903452C0B425400ADCF4D /* ContentView.swift in Sources */,
				2D1FCF042C0B7CED00D7430E /* TrashView.swift in Sources */,
				2D0903552C0B436D00ADCF4D /* NotePreview.swift in Sources */,
				2D1FCF0D2C0BF50D00D7430E /* NewNoteView.swift in Sources */,
				2D0903432C0B425400ADCF4D /* JustANoteApp.swift in Sources */,
				2D1FCF022C0B7CBE00D7430E /* DetailedNoteView.swift in Sources */,
				2D0903532C0B42B100ADCF4D /* Note.swift in Sources */,
			);
			runOnlyForDeploymentPostprocessing = 0;
		};
/* End PBXSourcesBuildPhase section */

/* Begin XCBuildConfiguration section */
		2D09034D2C0B425700ADCF4D /* Debug */ = {
			isa = XCBuildConfiguration;
			buildSettings = {
				ALWAYS_SEARCH_USER_PATHS = NO;
				ASSETCATALOG_COMPILER_GENERATE_SWIFT_ASSET_SYMBOL_EXTENSIONS = YES;
				CLANG_ANALYZER_NONNULL = YES;
				CLANG_ANALYZER_NUMBER_OBJECT_CONVERSION = YES_AGGRESSIVE;
				CLANG_CXX_LANGUAGE_STANDARD = "gnu++20";
				CLANG_ENABLE_MODULES = YES;
				CLANG_ENABLE_OBJC_ARC = YES;
				CLANG_ENABLE_OBJC_WEAK = YES;
				CLANG_WARN_BLOCK_CAPTURE_AUTORELEASING = YES;
				CLANG_WARN_BOOL_CONVERSION = YES;
				CLANG_WARN_COMMA = YES;
				CLANG_WARN_CONSTANT_CONVERSION = YES;
				CLANG_WARN_DEPRECATED_OBJC_IMPLEMENTATIONS = YES;
				CLANG_WARN_DIRECT_OBJC_ISA_USAGE = YES_ERROR;
				CLANG_WARN_DOCUMENTATION_COMMENTS = YES;
				CLANG_WARN_EMPTY_BODY = YES;
				CLANG_WARN_ENUM_CONVERSION = YES;
				CLANG_WARN_INFINITE_RECURSION = YES;
				CLANG_WARN_INT_CONVERSION = YES;
				CLANG_WARN_NON_LITERAL_NULL_CONVERSION = YES;
				CLANG_WARN_OBJC_IMPLICIT_RETAIN_SELF = YES;
				CLANG_WARN_OBJC_LITERAL_CONVERSION = YES;
				CLANG_WARN_OBJC_ROOT_CLASS = YES_ERROR;
				CLANG_WARN_QUOTED_INCLUDE_IN_FRAMEWORK_HEADER = YES;
				CLANG_WARN_RANGE_LOOP_ANALYSIS = YES;
				CLANG_WARN_STRICT_PROTOTYPES = YES;
				CLANG_WARN_SUSPICIOUS_MOVE = YES;
				CLANG_WARN_UNGUARDED_AVAILABILITY = YES_AGGRESSIVE;
				CLANG_WARN_UNREACHABLE_CODE = YES;
				CLANG_WARN__DUPLICATE_METHOD_MATCH = YES;
				COPY_PHASE_STRIP = NO;
				DEBUG_INFORMATION_FORMAT = dwarf;
				ENABLE_STRICT_OBJC_MSGSEND = YES;
				ENABLE_TESTABILITY = YES;
				ENABLE_USER_SCRIPT_SANDBOXING = YES;
				GCC_C_LANGUAGE_STANDARD = gnu17;
				GCC_DYNAMIC_NO_PIC = NO;
				GCC_NO_COMMON_BLOCKS = YES;
				GCC_OPTIMIZATION_LEVEL = 0;
				GCC_PREPROCESSOR_DEFINITIONS = (
					"DEBUG=1",
					"$(inherited)",
				);
				GCC_WARN_64_TO_32_BIT_CONVERSION = YES;
				GCC_WARN_ABOUT_RETURN_TYPE = YES_ERROR;
				GCC_WARN_UNDECLARED_SELECTOR = YES;
				GCC_WARN_UNINITIALIZED_AUTOS = YES_AGGRESSIVE;
				GCC_WARN_UNUSED_FUNCTION = YES;
				GCC_WARN_UNUSED_VARIABLE = YES;
				IPHONEOS_DEPLOYMENT_TARGET = 17.4;
				LOCALIZATION_PREFERS_STRING_CATALOGS = YES;
				MTL_ENABLE_DEBUG_INFO = INCLUDE_SOURCE;
				MTL_FAST_MATH = YES;
				ONLY_ACTIVE_ARCH = YES;
				SDKROOT = iphoneos;
				SWIFT_ACTIVE_COMPILATION_CONDITIONS = "DEBUG $(inherited)";
				SWIFT_OPTIMIZATION_LEVEL = "-Onone";
			};
			name = Debug;
		};
		2D09034E2C0B425700ADCF4D /* Release */ = {
			isa = XCBuildConfiguration;
			buildSettings = {
				ALWAYS_SEARCH_USER_PATHS = NO;
				ASSETCATALOG_COMPILER_GENERATE_SWIFT_ASSET_SYMBOL_EXTENSIONS = YES;
				CLANG_ANALYZER_NONNULL = YES;
				CLANG_ANALYZER_NUMBER_OBJECT_CONVERSION = YES_AGGRESSIVE;
				CLANG_CXX_LANGUAGE_STANDARD = "gnu++20";
				CLANG_ENABLE_MODULES = YES;
				CLANG_ENABLE_OBJC_ARC = YES;
				CLANG_ENABLE_OBJC_WEAK = YES;
				CLANG_WARN_BLOCK_CAPTURE_AUTORELEASING = YES;
				CLANG_WARN_BOOL_CONVERSION = YES;
				CLANG_WARN_COMMA = YES;
				CLANG_WARN_CONSTANT_CONVERSION = YES;
				CLANG_WARN_DEPRECATED_OBJC_IMPLEMENTATIONS = YES;
				CLANG_WARN_DIRECT_OBJC_ISA_USAGE = YES_ERROR;
				CLANG_WARN_DOCUMENTATION_COMMENTS = YES;
				CLANG_WARN_EMPTY_BODY = YES;
				CLANG_WARN_ENUM_CONVERSION = YES;
				CLANG_WARN_INFINITE_RECURSION = YES;
				CLANG_WARN_INT_CONVERSION = YES;
				CLANG_WARN_NON_LITERAL_NULL_CONVERSION = YES;
				CLANG_WARN_OBJC_IMPLICIT_RETAIN_SELF = YES;
				CLANG_WARN_OBJC_LITERAL_CONVERSION = YES;
				CLANG_WARN_OBJC_ROOT_CLASS = YES_ERROR;
				CLANG_WARN_QUOTED_INCLUDE_IN_FRAMEWORK_HEADER = YES;
				CLANG_WARN_RANGE_LOOP_ANALYSIS = YES;
				CLANG_WARN_STRICT_PROTOTYPES = YES;
				CLANG_WARN_SUSPICIOUS_MOVE = YES;
				CLANG_WARN_UNGUARDED_AVAILABILITY = YES_AGGRESSIVE;
				CLANG_WARN_UNREACHABLE_CODE = YES;
				CLANG_WARN__DUPLICATE_METHOD_MATCH = YES;
				COPY_PHASE_STRIP = NO;
				DEBUG_INFORMATION_FORMAT = "dwarf-with-dsym";
				ENABLE_NS_ASSERTIONS = NO;
				ENABLE_STRICT_OBJC_MSGSEND = YES;
				ENABLE_USER_SCRIPT_SANDBOXING = YES;
				GCC_C_LANGUAGE_STANDARD = gnu17;
				GCC_NO_COMMON_BLOCKS = YES;
				GCC_WARN_64_TO_32_BIT_CONVERSION = YES;
				GCC_WARN_ABOUT_RETURN_TYPE = YES_ERROR;
				GCC_WARN_UNDECLARED_SELECTOR = YES;
				GCC_WARN_UNINITIALIZED_AUTOS = YES_AGGRESSIVE;
				GCC_WARN_UNUSED_FUNCTION = YES;
				GCC_WARN_UNUSED_VARIABLE = YES;
				IPHONEOS_DEPLOYMENT_TARGET = 17.4;
				LOCALIZATION_PREFERS_STRING_CATALOGS = YES;
				MTL_ENABLE_DEBUG_INFO = NO;
				MTL_FAST_MATH = YES;
				SDKROOT = iphoneos;
				SWIFT_COMPILATION_MODE = wholemodule;
				VALIDATE_PRODUCT = YES;
			};
			name = Release;
		};
		2D0903502C0B425700ADCF4D /* Debug */ = {
			isa = XCBuildConfiguration;
			buildSettings = {
				ASSETCATALOG_COMPILER_APPICON_NAME = AppIcon;
				ASSETCATALOG_COMPILER_GLOBAL_ACCENT_COLOR_NAME = AccentColor;
				CODE_SIGN_STYLE = Automatic;
				CURRENT_PROJECT_VERSION = 1;
				DEVELOPMENT_ASSET_PATHS = "\"JustANote/Preview Content\"";
				DEVELOPMENT_TEAM = RTNB77DG84;
				ENABLE_PREVIEWS = YES;
				GENERATE_INFOPLIST_FILE = YES;
				INFOPLIST_KEY_UIApplicationSceneManifest_Generation = YES;
				INFOPLIST_KEY_UIApplicationSupportsIndirectInputEvents = YES;
				INFOPLIST_KEY_UILaunchScreen_Generation = YES;
				INFOPLIST_KEY_UISupportedInterfaceOrientations_iPad = "UIInterfaceOrientationPortrait UIInterfaceOrientationPortraitUpsideDown UIInterfaceOrientationLandscapeLeft UIInterfaceOrientationLandscapeRight";
				INFOPLIST_KEY_UISupportedInterfaceOrientations_iPhone = "UIInterfaceOrientationPortrait UIInterfaceOrientationLandscapeLeft UIInterfaceOrientationLandscapeRight";
				LD_RUNPATH_SEARCH_PATHS = (
					"$(inherited)",
					"@executable_path/Frameworks",
				);
				MARKETING_VERSION = 1.0;
				PRODUCT_BUNDLE_IDENTIFIER = OneByte.JustANote;
				PRODUCT_NAME = "$(TARGET_NAME)";
				SWIFT_EMIT_LOC_STRINGS = YES;
				SWIFT_VERSION = 5.0;
				TARGETED_DEVICE_FAMILY = "1,2";
			};
			name = Debug;
		};
		2D0903512C0B425700ADCF4D /* Release */ = {
			isa = XCBuildConfiguration;
			buildSettings = {
				ASSETCATALOG_COMPILER_APPICON_NAME = AppIcon;
				ASSETCATALOG_COMPILER_GLOBAL_ACCENT_COLOR_NAME = AccentColor;
				CODE_SIGN_STYLE = Automatic;
				CURRENT_PROJECT_VERSION = 1;
				DEVELOPMENT_ASSET_PATHS = "\"JustANote/Preview Content\"";
				DEVELOPMENT_TEAM = RTNB77DG84;
				ENABLE_PREVIEWS = YES;
				GENERATE_INFOPLIST_FILE = YES;
				INFOPLIST_KEY_UIApplicationSceneManifest_Generation = YES;
				INFOPLIST_KEY_UIApplicationSupportsIndirectInputEvents = YES;
				INFOPLIST_KEY_UILaunchScreen_Generation = YES;
				INFOPLIST_KEY_UISupportedInterfaceOrientations_iPad = "UIInterfaceOrientationPortrait UIInterfaceOrientationPortraitUpsideDown UIInterfaceOrientationLandscapeLeft UIInterfaceOrientationLandscapeRight";
				INFOPLIST_KEY_UISupportedInterfaceOrientations_iPhone = "UIInterfaceOrientationPortrait UIInterfaceOrientationLandscapeLeft UIInterfaceOrientationLandscapeRight";
				LD_RUNPATH_SEARCH_PATHS = (
					"$(inherited)",
					"@executable_path/Frameworks",
				);
				MARKETING_VERSION = 1.0;
				PRODUCT_BUNDLE_IDENTIFIER = OneByte.JustANote;
				PRODUCT_NAME = "$(TARGET_NAME)";
				SWIFT_EMIT_LOC_STRINGS = YES;
				SWIFT_VERSION = 5.0;
				TARGETED_DEVICE_FAMILY = "1,2";
			};
			name = Release;
		};
/* End XCBuildConfiguration section */

/* Begin XCConfigurationList section */
		2D09033A2C0B425400ADCF4D /* Build configuration list for PBXProject "JustANote" */ = {
			isa = XCConfigurationList;
			buildConfigurations = (
				2D09034D2C0B425700ADCF4D /* Debug */,
				2D09034E2C0B425700ADCF4D /* Release */,
			);
			defaultConfigurationIsVisible = 0;
			defaultConfigurationName = Release;
		};
		2D09034F2C0B425700ADCF4D /* Build configuration list for PBXNativeTarget "JustANote" */ = {
			isa = XCConfigurationList;
			buildConfigurations = (
				2D0903502C0B425700ADCF4D /* Debug */,
				2D0903512C0B425700ADCF4D /* Release */,
			);
			defaultConfigurationIsVisible = 0;
			defaultConfigurationName = Release;
		};
/* End XCConfigurationList section */
	};
	rootObject = 2D0903372C0B425400ADCF4D /* Project object */;
}
